
Microsoft Visual Studio Solution File, Format Version 12.00
# Visual Studio Version 17
VisualStudioVersion = 17.11.35222.181
MinimumVisualStudioVersion = 10.0.40219.1
Project("{FAE04EC0-301F-11D3-BF4B-00C04F79EFBC}") = "MovieDatabaseLab", "MovieDatabaseLab.csproj", "{24BE585E-9403-440B-80D7-967C0527B69F}"
EndProject
Global
	GlobalSection(SolutionConfigurationPlatforms) = preSolution
		Debug|Any CPU = Debug|Any CPU
		Release|Any CPU = Release|Any CPU
	EndGlobalSection
	GlobalSection(ProjectConfigurationPlatforms) = postSolution
		{24BE585E-9403-440B-80D7-967C0527B69F}.Debug|Any CPU.ActiveCfg = Debug|Any CPU
		{24BE585E-9403-440B-80D7-967C0527B69F}.Debug|Any CPU.Build.0 = Debug|Any CPU
		{24BE585E-9403-440B-80D7-967C0527B69F}.Release|Any CPU.ActiveCfg = Release|Any CPU
		{24BE585E-9403-440B-80D7-967C0527B69F}.Release|Any CPU.Build.0 = Release|Any CPU
	EndGlobalSection
	GlobalSection(SolutionProperties) = preSolution
		HideSolutionNode = FALSE
	EndGlobalSection
	GlobalSection(ExtensibilityGlobals) = postSolution
		SolutionGuid = {0AE8F58A-DA80-4A59-BB38-1FB6F41A0135}
	EndGlobalSection
EndGlobal
